
Microsoft Visual Studio Solution File, Format Version 12.00
# Visual Studio Version 17
VisualStudioVersion = 17.3.32804.467
MinimumVisualStudioVersion = 10.0.40219.1
Project("{FAE04EC0-301F-11D3-BF4B-00C04F79EFBC}") = "EnumsAndSwitch", "EnumsAndSwitch\EnumsAndSwitch.csproj", "{F8C85ECB-0108-4CE8-8DA1-B84F610E3E54}"
EndProject
Global
	GlobalSection(SolutionConfigurationPlatforms) = preSolution
		Debug|Any CPU = Debug|Any CPU
		Release|Any CPU = Release|Any CPU
	EndGlobalSection
	GlobalSection(ProjectConfigurationPlatforms) = postSolution
		{F8C85ECB-0108-4CE8-8DA1-B84F610E3E54}.Debug|Any CPU.ActiveCfg = Debug|Any CPU
		{F8C85ECB-0108-4CE8-8DA1-B84F610E3E54}.Debug|Any CPU.Build.0 = Debug|Any CPU
		{F8C85ECB-0108-4CE8-8DA1-B84F610E3E54}.Release|Any CPU.ActiveCfg = Release|Any CPU
		{F8C85ECB-0108-4CE8-8DA1-B84F610E3E54}.Release|Any CPU.Build.0 = Release|Any CPU
	EndGlobalSection
	GlobalSection(SolutionProperties) = preSolution
		HideSolutionNode = FALSE
	EndGlobalSection
	GlobalSection(ExtensibilityGlobals) = postSolution
		SolutionGuid = {51C2C308-ABCC-468A-8CA4-72836D04E291}
	EndGlobalSection
EndGlobal
