
Microsoft Visual Studio Solution File, Format Version 12.00
# Visual Studio Version 17
VisualStudioVersion = 17.3.32804.467
MinimumVisualStudioVersion = 10.0.40219.1
Project("{FAE04EC0-301F-11D3-BF4B-00C04F79EFBC}") = "UnderstandingLINQ", "UnderstandingLINQ\UnderstandingLINQ.csproj", "{77C054B6-E15C-441A-90A2-0D063AE9ACAD}"
EndProject
Global
	GlobalSection(SolutionConfigurationPlatforms) = preSolution
		Debug|Any CPU = Debug|Any CPU
		Release|Any CPU = Release|Any CPU
	EndGlobalSection
	GlobalSection(ProjectConfigurationPlatforms) = postSolution
		{77C054B6-E15C-441A-90A2-0D063AE9ACAD}.Debug|Any CPU.ActiveCfg = Debug|Any CPU
		{77C054B6-E15C-441A-90A2-0D063AE9ACAD}.Debug|Any CPU.Build.0 = Debug|Any CPU
		{77C054B6-E15C-441A-90A2-0D063AE9ACAD}.Release|Any CPU.ActiveCfg = Release|Any CPU
		{77C054B6-E15C-441A-90A2-0D063AE9ACAD}.Release|Any CPU.Build.0 = Release|Any CPU
	EndGlobalSection
	GlobalSection(SolutionProperties) = preSolution
		HideSolutionNode = FALSE
	EndGlobalSection
	GlobalSection(ExtensibilityGlobals) = postSolution
		SolutionGuid = {80FB7077-944F-488A-93FF-15150CF09EEC}
	EndGlobalSection
EndGlobal
