
Microsoft Visual Studio Solution File, Format Version 12.00
# Visual Studio Version 17
VisualStudioVersion = 17.2.32616.157
MinimumVisualStudioVersion = 10.0.40219.1
Project("{FAE04EC0-301F-11D3-BF4B-00C04F79EFBC}") = "Fundamental", "Fundamental\Fundamental.csproj", "{EB135B9A-6367-49FF-970C-845147E93E39}"
EndProject
Global
	GlobalSection(SolutionConfigurationPlatforms) = preSolution
		Debug|Any CPU = Debug|Any CPU
		Release|Any CPU = Release|Any CPU
	EndGlobalSection
	GlobalSection(ProjectConfigurationPlatforms) = postSolution
		{EB135B9A-6367-49FF-970C-845147E93E39}.Debug|Any CPU.ActiveCfg = Debug|Any CPU
		{EB135B9A-6367-49FF-970C-845147E93E39}.Debug|Any CPU.Build.0 = Debug|Any CPU
		{EB135B9A-6367-49FF-970C-845147E93E39}.Release|Any CPU.ActiveCfg = Release|Any CPU
		{EB135B9A-6367-49FF-970C-845147E93E39}.Release|Any CPU.Build.0 = Release|Any CPU
	EndGlobalSection
	GlobalSection(SolutionProperties) = preSolution
		HideSolutionNode = FALSE
	EndGlobalSection
	GlobalSection(ExtensibilityGlobals) = postSolution
		SolutionGuid = {ED1FE869-B2B2-4BE4-8CA9-9AA3716D2B31}
	EndGlobalSection
EndGlobal
